// !$*UTF8*$!
{
	archiveVersion = 1;
	classes = {
	};
	objectVersion = 46;
	objects = {

/* Begin PBXBuildFile section */
		53D5086E1AB805FD00F851B5 /* LoginViewController.m in Sources */ = {isa = PBXBuildFile; fileRef = 53D5086D1AB805FD00F851B5 /* LoginViewController.m */; };
		53EBF61D1AB7614100C805D5 /* main.m in Sources */ = {isa = PBXBuildFile; fileRef = 53EBF61C1AB7614100C805D5 /* main.m */; };
		53EBF6201AB7614100C805D5 /* AppDelegate.m in Sources */ = {isa = PBXBuildFile; fileRef = 53EBF61F1AB7614100C805D5 /* AppDelegate.m */; };
		53EBF6231AB7614100C805D5 /* FirstViewController.m in Sources */ = {isa = PBXBuildFile; fileRef = 53EBF6221AB7614100C805D5 /* FirstViewController.m */; };
		53EBF6261AB7614100C805D5 /* SecondViewController.m in Sources */ = {isa = PBXBuildFile; fileRef = 53EBF6251AB7614100C805D5 /* SecondViewController.m */; };
		53EBF6291AB7614100C805D5 /* Main.storyboard in Resources */ = {isa = PBXBuildFile; fileRef = 53EBF6271AB7614100C805D5 /* Main.storyboard */; };
		53EBF62B1AB7614100C805D5 /* Images.xcassets in Resources */ = {isa = PBXBuildFile; fileRef = 53EBF62A1AB7614100C805D5 /* Images.xcassets */; };
		53EBF62E1AB7614100C805D5 /* LaunchScreen.xib in Resources */ = {isa = PBXBuildFile; fileRef = 53EBF62C1AB7614100C805D5 /* LaunchScreen.xib */; };
		53EBF63A1AB7614100C805D5 /* Matched_UpTests.m in Sources */ = {isa = PBXBuildFile; fileRef = 53EBF6391AB7614100C805D5 /* Matched_UpTests.m */; };
/* End PBXBuildFile section */

/* Begin PBXContainerItemProxy section */
		53EBF6341AB7614100C805D5 /* PBXContainerItemProxy */ = {
			isa = PBXContainerItemProxy;
			containerPortal = 53EBF60F1AB7614100C805D5 /* Project object */;
			proxyType = 1;
			remoteGlobalIDString = 53EBF6161AB7614100C805D5;
			remoteInfo = "Matched-Up";
		};
/* End PBXContainerItemProxy section */

/* Begin PBXFileReference section */
		53D5086C1AB805FD00F851B5 /* LoginViewController.h */ = {isa = PBXFileReference; fileEncoding = 4; lastKnownFileType = sourcecode.c.h; name = LoginViewController.h; path = "Matched-Up/LoginViewController.h"; sourceTree = "<group>"; };
		53D5086D1AB805FD00F851B5 /* LoginViewController.m */ = {isa = PBXFileReference; fileEncoding = 4; lastKnownFileType = sourcecode.c.objc; name = LoginViewController.m; path = "Matched-Up/LoginViewController.m"; sourceTree = "<group>"; };
		53EBF6171AB7614100C805D5 /* Matched-Up.app */ = {isa = PBXFileReference; explicitFileType = wrapper.application; includeInIndex = 0; path = "Matched-Up.app"; sourceTree = BUILT_PRODUCTS_DIR; };
		53EBF61B1AB7614100C805D5 /* Info.plist */ = {isa = PBXFileReference; lastKnownFileType = text.plist.xml; path = Info.plist; sourceTree = "<group>"; };
		53EBF61C1AB7614100C805D5 /* main.m */ = {isa = PBXFileReference; lastKnownFileType = sourcecode.c.objc; path = main.m; sourceTree = "<group>"; };
		53EBF61E1AB7614100C805D5 /* AppDelegate.h */ = {isa = PBXFileReference; lastKnownFileType = sourcecode.c.h; path = AppDelegate.h; sourceTree = "<group>"; };
		53EBF61F1AB7614100C805D5 /* AppDelegate.m */ = {isa = PBXFileReference; lastKnownFileType = sourcecode.c.objc; path = AppDelegate.m; sourceTree = "<group>"; };
		53EBF6211AB7614100C805D5 /* FirstViewController.h */ = {isa = PBXFileReference; lastKnownFileType = sourcecode.c.h; path = FirstViewController.h; sourceTree = "<group>"; };
		53EBF6221AB7614100C805D5 /* FirstViewController.m */ = {isa = PBXFileReference; lastKnownFileType = sourcecode.c.objc; path = FirstViewController.m; sourceTree = "<group>"; };
		53EBF6241AB7614100C805D5 /* SecondViewController.h */ = {isa = PBXFileReference; lastKnownFileType = sourcecode.c.h; path = SecondViewController.h; sourceTree = "<group>"; };
		53EBF6251AB7614100C805D5 /* SecondViewController.m */ = {isa = PBXFileReference; lastKnownFileType = sourcecode.c.objc; path = SecondViewController.m; sourceTree = "<group>"; };
		53EBF6281AB7614100C805D5 /* Base */ = {isa = PBXFileReference; lastKnownFileType = file.storyboard; name = Base; path = Base.lproj/Main.storyboard; sourceTree = "<group>"; };
		53EBF62A1AB7614100C805D5 /* Images.xcassets */ = {isa = PBXFileReference; lastKnownFileType = folder.assetcatalog; path = Images.xcassets; sourceTree = "<group>"; };
		53EBF62D1AB7614100C805D5 /* Base */ = {isa = PBXFileReference; lastKnownFileType = file.xib; name = Base; path = Base.lproj/LaunchScreen.xib; sourceTree = "<group>"; };
		53EBF6331AB7614100C805D5 /* Matched-UpTests.xctest */ = {isa = PBXFileReference; explicitFileType = wrapper.cfbundle; includeInIndex = 0; path = "Matched-UpTests.xctest"; sourceTree = BUILT_PRODUCTS_DIR; };
		53EBF6381AB7614100C805D5 /* Info.plist */ = {isa = PBXFileReference; lastKnownFileType = text.plist.xml; path = Info.plist; sourceTree = "<group>"; };
		53EBF6391AB7614100C805D5 /* Matched_UpTests.m */ = {isa = PBXFileReference; lastKnownFileType = sourcecode.c.objc; path = Matched_UpTests.m; sourceTree = "<group>"; };
/* End PBXFileReference section */

/* Begin PBXFrameworksBuildPhase section */
		53EBF6141AB7614100C805D5 /* Frameworks */ = {
			isa = PBXFrameworksBuildPhase;
			buildActionMask = 2147483647;
			files = (
			);
			runOnlyForDeploymentPostprocessing = 0;
		};
		53EBF6301AB7614100C805D5 /* Frameworks */ = {
			isa = PBXFrameworksBuildPhase;
			buildActionMask = 2147483647;
			files = (
			);
			runOnlyForDeploymentPostprocessing = 0;
		};
/* End PBXFrameworksBuildPhase section */

/* Begin PBXGroup section */
		53D508701AB806D400F851B5 /* Login */ = {
			isa = PBXGroup;
			children = (
				53D5086C1AB805FD00F851B5 /* LoginViewController.h */,
				53D5086D1AB805FD00F851B5 /* LoginViewController.m */,
			);
			name = Login;
			path = ..;
			sourceTree = "<group>";
		};
		53EBF60E1AB7614100C805D5 = {
			isa = PBXGroup;
			children = (
				53EBF6191AB7614100C805D5 /* Matched-Up */,
				53EBF6361AB7614100C805D5 /* Matched-UpTests */,
				53EBF6181AB7614100C805D5 /* Products */,
			);
			sourceTree = "<group>";
		};
		53EBF6181AB7614100C805D5 /* Products */ = {
			isa = PBXGroup;
			children = (
				53EBF6171AB7614100C805D5 /* Matched-Up.app */,
				53EBF6331AB7614100C805D5 /* Matched-UpTests.xctest */,
			);
			name = Products;
			sourceTree = "<group>";
		};
		53EBF6191AB7614100C805D5 /* Matched-Up */ = {
			isa = PBXGroup;
			children = (
				53EBF61E1AB7614100C805D5 /* AppDelegate.h */,
				53EBF61F1AB7614100C805D5 /* AppDelegate.m */,
				53EBF6271AB7614100C805D5 /* Main.storyboard */,
				53D508701AB806D400F851B5 /* Login */,
				53EBF6211AB7614100C805D5 /* FirstViewController.h */,
				53EBF6221AB7614100C805D5 /* FirstViewController.m */,
				53EBF6241AB7614100C805D5 /* SecondViewController.h */,
				53EBF6251AB7614100C805D5 /* SecondViewController.m */,
				53EBF62A1AB7614100C805D5 /* Images.xcassets */,
				53EBF62C1AB7614100C805D5 /* LaunchScreen.xib */,
				53EBF61A1AB7614100C805D5 /* Supporting Files */,
			);
			path = "Matched-Up";
			sourceTree = "<group>";
		};
		53EBF61A1AB7614100C805D5 /* Supporting Files */ = {
			isa = PBXGroup;
			children = (
				53EBF61B1AB7614100C805D5 /* Info.plist */,
				53EBF61C1AB7614100C805D5 /* main.m */,
			);
			name = "Supporting Files";
			sourceTree = "<group>";
		};
		53EBF6361AB7614100C805D5 /* Matched-UpTests */ = {
			isa = PBXGroup;
			children = (
				53EBF6391AB7614100C805D5 /* Matched_UpTests.m */,
				53EBF6371AB7614100C805D5 /* Supporting Files */,
			);
			path = "Matched-UpTests";
			sourceTree = "<group>";
		};
		53EBF6371AB7614100C805D5 /* Supporting Files */ = {
			isa = PBXGroup;
			children = (
				53EBF6381AB7614100C805D5 /* Info.plist */,
			);
			name = "Supporting Files";
			sourceTree = "<group>";
		};
/* End PBXGroup section */

/* Begin PBXNativeTarget section */
		53EBF6161AB7614100C805D5 /* Matched-Up */ = {
			isa = PBXNativeTarget;
			buildConfigurationList = 53EBF63D1AB7614100C805D5 /* Build configuration list for PBXNativeTarget "Matched-Up" */;
			buildPhases = (
				53EBF6131AB7614100C805D5 /* Sources */,
				53EBF6141AB7614100C805D5 /* Frameworks */,
				53EBF6151AB7614100C805D5 /* Resources */,
			);
			buildRules = (
			);
			dependencies = (
			);
			name = "Matched-Up";
			productName = "Matched-Up";
			productReference = 53EBF6171AB7614100C805D5 /* Matched-Up.app */;
			productType = "com.apple.product-type.application";
		};
		53EBF6321AB7614100C805D5 /* Matched-UpTests */ = {
			isa = PBXNativeTarget;
			buildConfigurationList = 53EBF6401AB7614100C805D5 /* Build configuration list for PBXNativeTarget "Matched-UpTests" */;
			buildPhases = (
				53EBF62F1AB7614100C805D5 /* Sources */,
				53EBF6301AB7614100C805D5 /* Frameworks */,
				53EBF6311AB7614100C805D5 /* Resources */,
			);
			buildRules = (
			);
			dependencies = (
				53EBF6351AB7614100C805D5 /* PBXTargetDependency */,
			);
			name = "Matched-UpTests";
			productName = "Matched-UpTests";
			productReference = 53EBF6331AB7614100C805D5 /* Matched-UpTests.xctest */;
			productType = "com.apple.product-type.bundle.unit-test";
		};
/* End PBXNativeTarget section */

/* Begin PBXProject section */
		53EBF60F1AB7614100C805D5 /* Project object */ = {
			isa = PBXProject;
			attributes = {
				LastUpgradeCheck = 0610;
				ORGANIZATIONNAME = "Sakshi Jain";
				TargetAttributes = {
					53EBF6161AB7614100C805D5 = {
						CreatedOnToolsVersion = 6.1;
					};
					53EBF6321AB7614100C805D5 = {
						CreatedOnToolsVersion = 6.1;
						TestTargetID = 53EBF6161AB7614100C805D5;
					};
				};
			};
			buildConfigurationList = 53EBF6121AB7614100C805D5 /* Build configuration list for PBXProject "Matched-Up" */;
			compatibilityVersion = "Xcode 3.2";
			developmentRegion = English;
			hasScannedForEncodings = 0;
			knownRegions = (
				en,
				Base,
			);
			mainGroup = 53EBF60E1AB7614100C805D5;
			productRefGroup = 53EBF6181AB7614100C805D5 /* Products */;
			projectDirPath = "";
			projectRoot = "";
			targets = (
				53EBF6161AB7614100C805D5 /* Matched-Up */,
				53EBF6321AB7614100C805D5 /* Matched-UpTests */,
			);
		};
/* End PBXProject section */

/* Begin PBXResourcesBuildPhase section */
		53EBF6151AB7614100C805D5 /* Resources */ = {
			isa = PBXResourcesBuildPhase;
			buildActionMask = 2147483647;
			files = (
				53EBF6291AB7614100C805D5 /* Main.storyboard in Resources */,
				53EBF62E1AB7614100C805D5 /* LaunchScreen.xib in Resources */,
				53EBF62B1AB7614100C805D5 /* Images.xcassets in Resources */,
			);
			runOnlyForDeploymentPostprocessing = 0;
		};
		53EBF6311AB7614100C805D5 /* Resources */ = {
			isa = PBXResourcesBuildPhase;
			buildActionMask = 2147483647;
			files = (
			);
			runOnlyForDeploymentPostprocessing = 0;
		};
/* End PBXResourcesBuildPhase section */

/* Begin PBXSourcesBuildPhase section */
		53EBF6131AB7614100C805D5 /* Sources */ = {
			isa = PBXSourcesBuildPhase;
			buildActionMask = 2147483647;
			files = (
				53EBF6261AB7614100C805D5 /* SecondViewController.m in Sources */,
				53EBF6201AB7614100C805D5 /* AppDelegate.m in Sources */,
				53EBF6231AB7614100C805D5 /* FirstViewController.m in Sources */,
				53EBF61D1AB7614100C805D5 /* main.m in Sources */,
				53D5086E1AB805FD00F851B5 /* LoginViewController.m in Sources */,
			);
			runOnlyForDeploymentPostprocessing = 0;
		};
		53EBF62F1AB7614100C805D5 /* Sources */ = {
			isa = PBXSourcesBuildPhase;
			buildActionMask = 2147483647;
			files = (
				53EBF63A1AB7614100C805D5 /* Matched_UpTests.m in Sources */,
			);
			runOnlyForDeploymentPostprocessing = 0;
		};
/* End PBXSourcesBuildPhase section */

/* Begin PBXTargetDependency section */
		53EBF6351AB7614100C805D5 /* PBXTargetDependency */ = {
			isa = PBXTargetDependency;
			target = 53EBF6161AB7614100C805D5 /* Matched-Up */;
			targetProxy = 53EBF6341AB7614100C805D5 /* PBXContainerItemProxy */;
		};
/* End PBXTargetDependency section */

/* Begin PBXVariantGroup section */
		53EBF6271AB7614100C805D5 /* Main.storyboard */ = {
			isa = PBXVariantGroup;
			children = (
				53EBF6281AB7614100C805D5 /* Base */,
			);
			name = Main.storyboard;
			sourceTree = "<group>";
		};
		53EBF62C1AB7614100C805D5 /* LaunchScreen.xib */ = {
			isa = PBXVariantGroup;
			children = (
				53EBF62D1AB7614100C805D5 /* Base */,
			);
			name = LaunchScreen.xib;
			sourceTree = "<group>";
		};
/* End PBXVariantGroup section */

/* Begin XCBuildConfiguration section */
		53EBF63B1AB7614100C805D5 /* Debug */ = {
			isa = XCBuildConfiguration;
			buildSettings = {
				ALWAYS_SEARCH_USER_PATHS = NO;
				CLANG_CXX_LANGUAGE_STANDARD = "gnu++0x";
				CLANG_CXX_LIBRARY = "libc++";
				CLANG_ENABLE_MODULES = YES;
				CLANG_ENABLE_OBJC_ARC = YES;
				CLANG_WARN_BOOL_CONVERSION = YES;
				CLANG_WARN_CONSTANT_CONVERSION = YES;
				CLANG_WARN_DIRECT_OBJC_ISA_USAGE = YES_ERROR;
				CLANG_WARN_EMPTY_BODY = YES;
				CLANG_WARN_ENUM_CONVERSION = YES;
				CLANG_WARN_INT_CONVERSION = YES;
				CLANG_WARN_OBJC_ROOT_CLASS = YES_ERROR;
				CLANG_WARN_UNREACHABLE_CODE = YES;
				CLANG_WARN__DUPLICATE_METHOD_MATCH = YES;
				"CODE_SIGN_IDENTITY[sdk=iphoneos*]" = "iPhone Developer";
				COPY_PHASE_STRIP = NO;
				ENABLE_STRICT_OBJC_MSGSEND = YES;
				GCC_C_LANGUAGE_STANDARD = gnu99;
				GCC_DYNAMIC_NO_PIC = NO;
				GCC_OPTIMIZATION_LEVEL = 0;
				GCC_PREPROCESSOR_DEFINITIONS = (
					"DEBUG=1",
					"$(inherited)",
				);
				GCC_SYMBOLS_PRIVATE_EXTERN = NO;
				GCC_WARN_64_TO_32_BIT_CONVERSION = YES;
				GCC_WARN_ABOUT_RETURN_TYPE = YES_ERROR;
				GCC_WARN_UNDECLARED_SELECTOR = YES;
				GCC_WARN_UNINITIALIZED_AUTOS = YES_AGGRESSIVE;
				GCC_WARN_UNUSED_FUNCTION = YES;
				GCC_WARN_UNUSED_VARIABLE = YES;
				IPHONEOS_DEPLOYMENT_TARGET = 8.1;
				MTL_ENABLE_DEBUG_INFO = YES;
				ONLY_ACTIVE_ARCH = YES;
				SDKROOT = iphoneos;
			};
			name = Debug;
		};
		53EBF63C1AB7614100C805D5 /* Release */ = {
			isa = XCBuildConfiguration;
			buildSettings = {
				ALWAYS_SEARCH_USER_PATHS = NO;
				CLANG_CXX_LANGUAGE_STANDARD = "gnu++0x";
				CLANG_CXX_LIBRARY = "libc++";
				CLANG_ENABLE_MODULES = YES;
				CLANG_ENABLE_OBJC_ARC = YES;
				CLANG_WARN_BOOL_CONVERSION = YES;
				CLANG_WARN_CONSTANT_CONVERSION = YES;
				CLANG_WARN_DIRECT_OBJC_ISA_USAGE = YES_ERROR;
				CLANG_WARN_EMPTY_BODY = YES;
				CLANG_WARN_ENUM_CONVERSION = YES;
				CLANG_WARN_INT_CONVERSION = YES;
				CLANG_WARN_OBJC_ROOT_CLASS = YES_ERROR;
				CLANG_WARN_UNREACHABLE_CODE = YES;
				CLANG_WARN__DUPLICATE_METHOD_MATCH = YES;
				"CODE_SIGN_IDENTITY[sdk=iphoneos*]" = "iPhone Developer";
				COPY_PHASE_STRIP = YES;
				ENABLE_NS_ASSERTIONS = NO;
				ENABLE_STRICT_OBJC_MSGSEND = YES;
				GCC_C_LANGUAGE_STANDARD = gnu99;
				GCC_WARN_64_TO_32_BIT_CONVERSION = YES;
				GCC_WARN_ABOUT_RETURN_TYPE = YES_ERROR;
				GCC_WARN_UNDECLARED_SELECTOR = YES;
				GCC_WARN_UNINITIALIZED_AUTOS = YES_AGGRESSIVE;
				GCC_WARN_UNUSED_FUNCTION = YES;
				GCC_WARN_UNUSED_VARIABLE = YES;
				IPHONEOS_DEPLOYMENT_TARGET = 8.1;
				MTL_ENABLE_DEBUG_INFO = NO;
				SDKROOT = iphoneos;
				VALIDATE_PRODUCT = YES;
			};
			name = Release;
		};
		53EBF63E1AB7614100C805D5 /* Debug */ = {
			isa = XCBuildConfiguration;
			buildSettings = {
				ASSETCATALOG_COMPILER_APPICON_NAME = AppIcon;
				INFOPLIST_FILE = "Matched-Up/Info.plist";
				LD_RUNPATH_SEARCH_PATHS = "$(inherited) @executable_path/Frameworks";
				PRODUCT_NAME = "$(TARGET_NAME)";
			};
			name = Debug;
		};
		53EBF63F1AB7614100C805D5 /* Release */ = {
			isa = XCBuildConfiguration;
			buildSettings = {
				ASSETCATALOG_COMPILER_APPICON_NAME = AppIcon;
				INFOPLIST_FILE = "Matched-Up/Info.plist";
				LD_RUNPATH_SEARCH_PATHS = "$(inherited) @executable_path/Frameworks";
				PRODUCT_NAME = "$(TARGET_NAME)";
			};
			name = Release;
		};
		53EBF6411AB7614100C805D5 /* Debug */ = {
			isa = XCBuildConfiguration;
			buildSettings = {
				BUNDLE_LOADER = "$(TEST_HOST)";
				FRAMEWORK_SEARCH_PATHS = (
					"$(SDKROOT)/Developer/Library/Frameworks",
					"$(inherited)",
				);
				GCC_PREPROCESSOR_DEFINITIONS = (
					"DEBUG=1",
					"$(inherited)",
				);
				INFOPLIST_FILE = "Matched-UpTests/Info.plist";
				LD_RUNPATH_SEARCH_PATHS = "$(inherited) @executable_path/Frameworks @loader_path/Frameworks";
				PRODUCT_NAME = "$(TARGET_NAME)";
				TEST_HOST = "$(BUILT_PRODUCTS_DIR)/Matched-Up.app/Matched-Up";
			};
			name = Debug;
		};
		53EBF6421AB7614100C805D5 /* Release */ = {
			isa = XCBuildConfiguration;
			buildSettings = {
				BUNDLE_LOADER = "$(TEST_HOST)";
				FRAMEWORK_SEARCH_PATHS = (
					"$(SDKROOT)/Developer/Library/Frameworks",
					"$(inherited)",
				);
				INFOPLIST_FILE = "Matched-UpTests/Info.plist";
				LD_RUNPATH_SEARCH_PATHS = "$(inherited) @executable_path/Frameworks @loader_path/Frameworks";
				PRODUCT_NAME = "$(TARGET_NAME)";
				TEST_HOST = "$(BUILT_PRODUCTS_DIR)/Matched-Up.app/Matched-Up";
			};
			name = Release;
		};
/* End XCBuildConfiguration section */

/* Begin XCConfigurationList section */
		53EBF6121AB7614100C805D5 /* Build configuration list for PBXProject "Matched-Up" */ = {
			isa = XCConfigurationList;
			buildConfigurations = (
				53EBF63B1AB7614100C805D5 /* Debug */,
				53EBF63C1AB7614100C805D5 /* Release */,
			);
			defaultConfigurationIsVisible = 0;
			defaultConfigurationName = Release;
		};
		53EBF63D1AB7614100C805D5 /* Build configuration list for PBXNativeTarget "Matched-Up" */ = {
			isa = XCConfigurationList;
			buildConfigurations = (
				53EBF63E1AB7614100C805D5 /* Debug */,
				53EBF63F1AB7614100C805D5 /* Release */,
			);
			defaultConfigurationIsVisible = 0;
			defaultConfigurationName = Release;
		};
		53EBF6401AB7614100C805D5 /* Build configuration list for PBXNativeTarget "Matched-UpTests" */ = {
			isa = XCConfigurationList;
			buildConfigurations = (
				53EBF6411AB7614100C805D5 /* Debug */,
				53EBF6421AB7614100C805D5 /* Release */,
			);
			defaultConfigurationIsVisible = 0;
			defaultConfigurationName = Release;
		};
/* End XCConfigurationList section */
	};
	rootObject = 53EBF60F1AB7614100C805D5 /* Project object */;
}
